
Microsoft Visual Studio Solution File, Format Version 10.00
# Visual C# Express 2008
Project("{FAE04EC0-301F-11D3-BF4B-00C04F79EFBC}") = "AIAssignment1", "AIAssignment1\AIAssignment1.csproj", "{5807F884-4835-41FA-A383-2B1DEE19E490}"
EndProject
Project("{FAE04EC0-301F-11D3-BF4B-00C04F79EFBC}") = "AdjustmentCalculator", "WindowsFormsApplication1\AdjustmentCalculator.csproj", "{A951586E-CA79-4B4A-A427-FFBEC6999646}"
	ProjectSection(ProjectDependencies) = postProject
		{5807F884-4835-41FA-A383-2B1DEE19E490} = {5807F884-4835-41FA-A383-2B1DEE19E490}
	EndProjectSection
EndProject
Global
	GlobalSection(SolutionConfigurationPlatforms) = preSolution
		Debug|Any CPU = Debug|Any CPU
		Release|Any CPU = Release|Any CPU
	EndGlobalSection
	GlobalSection(ProjectConfigurationPlatforms) = postSolution
		{5807F884-4835-41FA-A383-2B1DEE19E490}.Debug|Any CPU.ActiveCfg = Debug|Any CPU
		{5807F884-4835-41FA-A383-2B1DEE19E490}.Debug|Any CPU.Build.0 = Debug|Any CPU
		{5807F884-4835-41FA-A383-2B1DEE19E490}.Release|Any CPU.ActiveCfg = Release|Any CPU
		{5807F884-4835-41FA-A383-2B1DEE19E490}.Release|Any CPU.Build.0 = Release|Any CPU
		{A951586E-CA79-4B4A-A427-FFBEC6999646}.Debug|Any CPU.ActiveCfg = Debug|Any CPU
		{A951586E-CA79-4B4A-A427-FFBEC6999646}.Debug|Any CPU.Build.0 = Debug|Any CPU
		{A951586E-CA79-4B4A-A427-FFBEC6999646}.Release|Any CPU.ActiveCfg = Release|Any CPU
		{A951586E-CA79-4B4A-A427-FFBEC6999646}.Release|Any CPU.Build.0 = Release|Any CPU
	EndGlobalSection
	GlobalSection(SolutionProperties) = preSolution
		HideSolutionNode = FALSE
	EndGlobalSection
EndGlobal
